
Microsoft Visual Studio Solution File, Format Version 12.00
# Visual Studio 2012
Project("{FAE04EC0-301F-11D3-BF4B-00C04F79EFBC}") = "LuSuBu", "LuSuBu\LuSuBu.csproj", "{F633652B-138C-4FD3-B806-081509FE66E1}"
EndProject
Project("{FAE04EC0-301F-11D3-BF4B-00C04F79EFBC}") = "LaSuBuMVC", "LaSuBuMVC\LaSuBuMVC.csproj", "{96F99F3E-5958-4EB6-8796-E4B7DB5C7644}"
EndProject
Global
	GlobalSection(SolutionConfigurationPlatforms) = preSolution
		Debug|Any CPU = Debug|Any CPU
		Release|Any CPU = Release|Any CPU
	EndGlobalSection
	GlobalSection(ProjectConfigurationPlatforms) = postSolution
		{F633652B-138C-4FD3-B806-081509FE66E1}.Debug|Any CPU.ActiveCfg = Debug|Any CPU
		{F633652B-138C-4FD3-B806-081509FE66E1}.Debug|Any CPU.Build.0 = Debug|Any CPU
		{F633652B-138C-4FD3-B806-081509FE66E1}.Release|Any CPU.ActiveCfg = Release|Any CPU
		{F633652B-138C-4FD3-B806-081509FE66E1}.Release|Any CPU.Build.0 = Release|Any CPU
		{96F99F3E-5958-4EB6-8796-E4B7DB5C7644}.Debug|Any CPU.ActiveCfg = Debug|Any CPU
		{96F99F3E-5958-4EB6-8796-E4B7DB5C7644}.Debug|Any CPU.Build.0 = Debug|Any CPU
		{96F99F3E-5958-4EB6-8796-E4B7DB5C7644}.Release|Any CPU.ActiveCfg = Release|Any CPU
		{96F99F3E-5958-4EB6-8796-E4B7DB5C7644}.Release|Any CPU.Build.0 = Release|Any CPU
	EndGlobalSection
	GlobalSection(SolutionProperties) = preSolution
		HideSolutionNode = FALSE
	EndGlobalSection
EndGlobal
